// !$*UTF8*$!
{
	archiveVersion = 1;
	classes = {
	};
	objectVersion = 46;
	objects = {

/* Begin PBXBuildFile section */
		A969B7AD1CB32FA300BC5891 /* AppDelegate.swift in Sources */ = {isa = PBXBuildFile; fileRef = A969B7AC1CB32FA300BC5891 /* AppDelegate.swift */; };
		A969B7AF1CB32FA300BC5891 /* ViewController.swift in Sources */ = {isa = PBXBuildFile; fileRef = A969B7AE1CB32FA300BC5891 /* ViewController.swift */; };
		A969B7B21CB32FA300BC5891 /* Main.storyboard in Resources */ = {isa = PBXBuildFile; fileRef = A969B7B01CB32FA300BC5891 /* Main.storyboard */; };
		A969B7B41CB32FA300BC5891 /* Assets.xcassets in Resources */ = {isa = PBXBuildFile; fileRef = A969B7B31CB32FA300BC5891 /* Assets.xcassets */; };
		A969B7B71CB32FA300BC5891 /* LaunchScreen.storyboard in Resources */ = {isa = PBXBuildFile; fileRef = A969B7B51CB32FA300BC5891 /* LaunchScreen.storyboard */; };
		A969B7C21CB32FA300BC5891 /* gitSBTests.swift in Sources */ = {isa = PBXBuildFile; fileRef = A969B7C11CB32FA300BC5891 /* gitSBTests.swift */; };
		A969B7CD1CB32FA300BC5891 /* gitSBUITests.swift in Sources */ = {isa = PBXBuildFile; fileRef = A969B7CC1CB32FA300BC5891 /* gitSBUITests.swift */; };
/* End PBXBuildFile section */

/* Begin PBXContainerItemProxy section */
		A969B7BE1CB32FA300BC5891 /* PBXContainerItemProxy */ = {
			isa = PBXContainerItemProxy;
			containerPortal = A969B7A11CB32FA300BC5891 /* Project object */;
			proxyType = 1;
			remoteGlobalIDString = A969B7A81CB32FA300BC5891;
			remoteInfo = gitSB;
		};
		A969B7C91CB32FA300BC5891 /* PBXContainerItemProxy */ = {
			isa = PBXContainerItemProxy;
			containerPortal = A969B7A11CB32FA300BC5891 /* Project object */;
			proxyType = 1;
			remoteGlobalIDString = A969B7A81CB32FA300BC5891;
			remoteInfo = gitSB;
		};
/* End PBXContainerItemProxy section */

/* Begin PBXFileReference section */
		A969B7A91CB32FA300BC5891 /* gitSB.app */ = {isa = PBXFileReference; explicitFileType = wrapper.application; includeInIndex = 0; path = gitSB.app; sourceTree = BUILT_PRODUCTS_DIR; };
		A969B7AC1CB32FA300BC5891 /* AppDelegate.swift */ = {isa = PBXFileReference; lastKnownFileType = sourcecode.swift; path = AppDelegate.swift; sourceTree = "<group>"; };
		A969B7AE1CB32FA300BC5891 /* ViewController.swift */ = {isa = PBXFileReference; lastKnownFileType = sourcecode.swift; path = ViewController.swift; sourceTree = "<group>"; };
		A969B7B11CB32FA300BC5891 /* Base */ = {isa = PBXFileReference; lastKnownFileType = file.storyboard; name = Base; path = Base.lproj/Main.storyboard; sourceTree = "<group>"; };
		A969B7B31CB32FA300BC5891 /* Assets.xcassets */ = {isa = PBXFileReference; lastKnownFileType = folder.assetcatalog; path = Assets.xcassets; sourceTree = "<group>"; };
		A969B7B61CB32FA300BC5891 /* Base */ = {isa = PBXFileReference; lastKnownFileType = file.storyboard; name = Base; path = Base.lproj/LaunchScreen.storyboard; sourceTree = "<group>"; };
		A969B7B81CB32FA300BC5891 /* Info.plist */ = {isa = PBXFileReference; lastKnownFileType = text.plist.xml; path = Info.plist; sourceTree = "<group>"; };
		A969B7BD1CB32FA300BC5891 /* gitSBTests.xctest */ = {isa = PBXFileReference; explicitFileType = wrapper.cfbundle; includeInIndex = 0; path = gitSBTests.xctest; sourceTree = BUILT_PRODUCTS_DIR; };
		A969B7C11CB32FA300BC5891 /* gitSBTests.swift */ = {isa = PBXFileReference; lastKnownFileType = sourcecode.swift; path = gitSBTests.swift; sourceTree = "<group>"; };
		A969B7C31CB32FA300BC5891 /* Info.plist */ = {isa = PBXFileReference; lastKnownFileType = text.plist.xml; path = Info.plist; sourceTree = "<group>"; };
		A969B7C81CB32FA300BC5891 /* gitSBUITests.xctest */ = {isa = PBXFileReference; explicitFileType = wrapper.cfbundle; includeInIndex = 0; path = gitSBUITests.xctest; sourceTree = BUILT_PRODUCTS_DIR; };
		A969B7CC1CB32FA300BC5891 /* gitSBUITests.swift */ = {isa = PBXFileReference; lastKnownFileType = sourcecode.swift; path = gitSBUITests.swift; sourceTree = "<group>"; };
		A969B7CE1CB32FA300BC5891 /* Info.plist */ = {isa = PBXFileReference; lastKnownFileType = text.plist.xml; path = Info.plist; sourceTree = "<group>"; };
/* End PBXFileReference section */

/* Begin PBXFrameworksBuildPhase section */
		A969B7A61CB32FA300BC5891 /* Frameworks */ = {
			isa = PBXFrameworksBuildPhase;
			buildActionMask = 2147483647;
			files = (
			);
			runOnlyForDeploymentPostprocessing = 0;
		};
		A969B7BA1CB32FA300BC5891 /* Frameworks */ = {
			isa = PBXFrameworksBuildPhase;
			buildActionMask = 2147483647;
			files = (
			);
			runOnlyForDeploymentPostprocessing = 0;
		};
		A969B7C51CB32FA300BC5891 /* Frameworks */ = {
			isa = PBXFrameworksBuildPhase;
			buildActionMask = 2147483647;
			files = (
			);
			runOnlyForDeploymentPostprocessing = 0;
		};
/* End PBXFrameworksBuildPhase section */

/* Begin PBXGroup section */
		A969B7A01CB32FA300BC5891 = {
			isa = PBXGroup;
			children = (
				A969B7AB1CB32FA300BC5891 /* gitSB */,
				A969B7C01CB32FA300BC5891 /* gitSBTests */,
				A969B7CB1CB32FA300BC5891 /* gitSBUITests */,
				A969B7AA1CB32FA300BC5891 /* Products */,
			);
			sourceTree = "<group>";
		};
		A969B7AA1CB32FA300BC5891 /* Products */ = {
			isa = PBXGroup;
			children = (
				A969B7A91CB32FA300BC5891 /* gitSB.app */,
				A969B7BD1CB32FA300BC5891 /* gitSBTests.xctest */,
				A969B7C81CB32FA300BC5891 /* gitSBUITests.xctest */,
			);
			name = Products;
			sourceTree = "<group>";
		};
		A969B7AB1CB32FA300BC5891 /* gitSB */ = {
			isa = PBXGroup;
			children = (
				A969B7AC1CB32FA300BC5891 /* AppDelegate.swift */,
				A969B7AE1CB32FA300BC5891 /* ViewController.swift */,
				A969B7B01CB32FA300BC5891 /* Main.storyboard */,
				A969B7B31CB32FA300BC5891 /* Assets.xcassets */,
				A969B7B51CB32FA300BC5891 /* LaunchScreen.storyboard */,
				A969B7B81CB32FA300BC5891 /* Info.plist */,
			);
			path = gitSB;
			sourceTree = "<group>";
		};
		A969B7C01CB32FA300BC5891 /* gitSBTests */ = {
			isa = PBXGroup;
			children = (
				A969B7C11CB32FA300BC5891 /* gitSBTests.swift */,
				A969B7C31CB32FA300BC5891 /* Info.plist */,
			);
			path = gitSBTests;
			sourceTree = "<group>";
		};
		A969B7CB1CB32FA300BC5891 /* gitSBUITests */ = {
			isa = PBXGroup;
			children = (
				A969B7CC1CB32FA300BC5891 /* gitSBUITests.swift */,
				A969B7CE1CB32FA300BC5891 /* Info.plist */,
			);
			path = gitSBUITests;
			sourceTree = "<group>";
		};
/* End PBXGroup section */

/* Begin PBXNativeTarget section */
		A969B7A81CB32FA300BC5891 /* gitSB */ = {
			isa = PBXNativeTarget;
			buildConfigurationList = A969B7D11CB32FA300BC5891 /* Build configuration list for PBXNativeTarget "gitSB" */;
			buildPhases = (
				A969B7A51CB32FA300BC5891 /* Sources */,
				A969B7A61CB32FA300BC5891 /* Frameworks */,
				A969B7A71CB32FA300BC5891 /* Resources */,
			);
			buildRules = (
			);
			dependencies = (
			);
			name = gitSB;
			productName = gitSB;
			productReference = A969B7A91CB32FA300BC5891 /* gitSB.app */;
			productType = "com.apple.product-type.application";
		};
		A969B7BC1CB32FA300BC5891 /* gitSBTests */ = {
			isa = PBXNativeTarget;
			buildConfigurationList = A969B7D41CB32FA300BC5891 /* Build configuration list for PBXNativeTarget "gitSBTests" */;
			buildPhases = (
				A969B7B91CB32FA300BC5891 /* Sources */,
				A969B7BA1CB32FA300BC5891 /* Frameworks */,
				A969B7BB1CB32FA300BC5891 /* Resources */,
			);
			buildRules = (
			);
			dependencies = (
				A969B7BF1CB32FA300BC5891 /* PBXTargetDependency */,
			);
			name = gitSBTests;
			productName = gitSBTests;
			productReference = A969B7BD1CB32FA300BC5891 /* gitSBTests.xctest */;
			productType = "com.apple.product-type.bundle.unit-test";
		};
		A969B7C71CB32FA300BC5891 /* gitSBUITests */ = {
			isa = PBXNativeTarget;
			buildConfigurationList = A969B7D71CB32FA300BC5891 /* Build configuration list for PBXNativeTarget "gitSBUITests" */;
			buildPhases = (
				A969B7C41CB32FA300BC5891 /* Sources */,
				A969B7C51CB32FA300BC5891 /* Frameworks */,
				A969B7C61CB32FA300BC5891 /* Resources */,
			);
			buildRules = (
			);
			dependencies = (
				A969B7CA1CB32FA300BC5891 /* PBXTargetDependency */,
			);
			name = gitSBUITests;
			productName = gitSBUITests;
			productReference = A969B7C81CB32FA300BC5891 /* gitSBUITests.xctest */;
			productType = "com.apple.product-type.bundle.ui-testing";
		};
/* End PBXNativeTarget section */

/* Begin PBXProject section */
		A969B7A11CB32FA300BC5891 /* Project object */ = {
			isa = PBXProject;
			attributes = {
				LastSwiftUpdateCheck = 0720;
				LastUpgradeCheck = 0720;
				ORGANIZATIONNAME = "Bill Jordan";
				TargetAttributes = {
					A969B7A81CB32FA300BC5891 = {
						CreatedOnToolsVersion = 7.2.1;
					};
					A969B7BC1CB32FA300BC5891 = {
						CreatedOnToolsVersion = 7.2.1;
						TestTargetID = A969B7A81CB32FA300BC5891;
					};
					A969B7C71CB32FA300BC5891 = {
						CreatedOnToolsVersion = 7.2.1;
						TestTargetID = A969B7A81CB32FA300BC5891;
					};
				};
			};
			buildConfigurationList = A969B7A41CB32FA300BC5891 /* Build configuration list for PBXProject "gitSB" */;
			compatibilityVersion = "Xcode 3.2";
			developmentRegion = English;
			hasScannedForEncodings = 0;
			knownRegions = (
				en,
				Base,
			);
			mainGroup = A969B7A01CB32FA300BC5891;
			productRefGroup = A969B7AA1CB32FA300BC5891 /* Products */;
			projectDirPath = "";
			projectRoot = "";
			targets = (
				A969B7A81CB32FA300BC5891 /* gitSB */,
				A969B7BC1CB32FA300BC5891 /* gitSBTests */,
				A969B7C71CB32FA300BC5891 /* gitSBUITests */,
			);
		};
/* End PBXProject section */

/* Begin PBXResourcesBuildPhase section */
		A969B7A71CB32FA300BC5891 /* Resources */ = {
			isa = PBXResourcesBuildPhase;
			buildActionMask = 2147483647;
			files = (
				A969B7B71CB32FA300BC5891 /* LaunchScreen.storyboard in Resources */,
				A969B7B41CB32FA300BC5891 /* Assets.xcassets in Resources */,
				A969B7B21CB32FA300BC5891 /* Main.storyboard in Resources */,
			);
			runOnlyForDeploymentPostprocessing = 0;
		};
		A969B7BB1CB32FA300BC5891 /* Resources */ = {
			isa = PBXResourcesBuildPhase;
			buildActionMask = 2147483647;
			files = (
			);
			runOnlyForDeploymentPostprocessing = 0;
		};
		A969B7C61CB32FA300BC5891 /* Resources */ = {
			isa = PBXResourcesBuildPhase;
			buildActionMask = 2147483647;
			files = (
			);
			runOnlyForDeploymentPostprocessing = 0;
		};
/* End PBXResourcesBuildPhase section */

/* Begin PBXSourcesBuildPhase section */
		A969B7A51CB32FA300BC5891 /* Sources */ = {
			isa = PBXSourcesBuildPhase;
			buildActionMask = 2147483647;
			files = (
				A969B7AF1CB32FA300BC5891 /* ViewController.swift in Sources */,
				A969B7AD1CB32FA300BC5891 /* AppDelegate.swift in Sources */,
			);
			runOnlyForDeploymentPostprocessing = 0;
		};
		A969B7B91CB32FA300BC5891 /* Sources */ = {
			isa = PBXSourcesBuildPhase;
			buildActionMask = 2147483647;
			files = (
				A969B7C21CB32FA300BC5891 /* gitSBTests.swift in Sources */,
			);
			runOnlyForDeploymentPostprocessing = 0;
		};
		A969B7C41CB32FA300BC5891 /* Sources */ = {
			isa = PBXSourcesBuildPhase;
			buildActionMask = 2147483647;
			files = (
				A969B7CD1CB32FA300BC5891 /* gitSBUITests.swift in Sources */,
			);
			runOnlyForDeploymentPostprocessing = 0;
		};
/* End PBXSourcesBuildPhase section */

/* Begin PBXTargetDependency section */
		A969B7BF1CB32FA300BC5891 /* PBXTargetDependency */ = {
			isa = PBXTargetDependency;
			target = A969B7A81CB32FA300BC5891 /* gitSB */;
			targetProxy = A969B7BE1CB32FA300BC5891 /* PBXContainerItemProxy */;
		};
		A969B7CA1CB32FA300BC5891 /* PBXTargetDependency */ = {
			isa = PBXTargetDependency;
			target = A969B7A81CB32FA300BC5891 /* gitSB */;
			targetProxy = A969B7C91CB32FA300BC5891 /* PBXContainerItemProxy */;
		};
/* End PBXTargetDependency section */

/* Begin PBXVariantGroup section */
		A969B7B01CB32FA300BC5891 /* Main.storyboard */ = {
			isa = PBXVariantGroup;
			children = (
				A969B7B11CB32FA300BC5891 /* Base */,
			);
			name = Main.storyboard;
			sourceTree = "<group>";
		};
		A969B7B51CB32FA300BC5891 /* LaunchScreen.storyboard */ = {
			isa = PBXVariantGroup;
			children = (
				A969B7B61CB32FA300BC5891 /* Base */,
			);
			name = LaunchScreen.storyboard;
			sourceTree = "<group>";
		};
/* End PBXVariantGroup section */

/* Begin XCBuildConfiguration section */
		A969B7CF1CB32FA300BC5891 /* Debug */ = {
			isa = XCBuildConfiguration;
			buildSettings = {
				ALWAYS_SEARCH_USER_PATHS = NO;
				CLANG_CXX_LANGUAGE_STANDARD = "gnu++0x";
				CLANG_CXX_LIBRARY = "libc++";
				CLANG_ENABLE_MODULES = YES;
				CLANG_ENABLE_OBJC_ARC = YES;
				CLANG_WARN_BOOL_CONVERSION = YES;
				CLANG_WARN_CONSTANT_CONVERSION = YES;
				CLANG_WARN_DIRECT_OBJC_ISA_USAGE = YES_ERROR;
				CLANG_WARN_EMPTY_BODY = YES;
				CLANG_WARN_ENUM_CONVERSION = YES;
				CLANG_WARN_INT_CONVERSION = YES;
				CLANG_WARN_OBJC_ROOT_CLASS = YES_ERROR;
				CLANG_WARN_UNREACHABLE_CODE = YES;
				CLANG_WARN__DUPLICATE_METHOD_MATCH = YES;
				"CODE_SIGN_IDENTITY[sdk=iphoneos*]" = "iPhone Developer";
				COPY_PHASE_STRIP = NO;
				DEBUG_INFORMATION_FORMAT = dwarf;
				ENABLE_STRICT_OBJC_MSGSEND = YES;
				ENABLE_TESTABILITY = YES;
				GCC_C_LANGUAGE_STANDARD = gnu99;
				GCC_DYNAMIC_NO_PIC = NO;
				GCC_NO_COMMON_BLOCKS = YES;
				GCC_OPTIMIZATION_LEVEL = 0;
				GCC_PREPROCESSOR_DEFINITIONS = (
					"DEBUG=1",
					"$(inherited)",
				);
				GCC_WARN_64_TO_32_BIT_CONVERSION = YES;
				GCC_WARN_ABOUT_RETURN_TYPE = YES_ERROR;
				GCC_WARN_UNDECLARED_SELECTOR = YES;
				GCC_WARN_UNINITIALIZED_AUTOS = YES_AGGRESSIVE;
				GCC_WARN_UNUSED_FUNCTION = YES;
				GCC_WARN_UNUSED_VARIABLE = YES;
				IPHONEOS_DEPLOYMENT_TARGET = 9.2;
				MTL_ENABLE_DEBUG_INFO = YES;
				ONLY_ACTIVE_ARCH = YES;
				SDKROOT = iphoneos;
				SWIFT_OPTIMIZATION_LEVEL = "-Onone";
				TARGETED_DEVICE_FAMILY = "1,2";
			};
			name = Debug;
		};
		A969B7D01CB32FA300BC5891 /* Release */ = {
			isa = XCBuildConfiguration;
			buildSettings = {
				ALWAYS_SEARCH_USER_PATHS = NO;
				CLANG_CXX_LANGUAGE_STANDARD = "gnu++0x";
				CLANG_CXX_LIBRARY = "libc++";
				CLANG_ENABLE_MODULES = YES;
				CLANG_ENABLE_OBJC_ARC = YES;
				CLANG_WARN_BOOL_CONVERSION = YES;
				CLANG_WARN_CONSTANT_CONVERSION = YES;
				CLANG_WARN_DIRECT_OBJC_ISA_USAGE = YES_ERROR;
				CLANG_WARN_EMPTY_BODY = YES;
				CLANG_WARN_ENUM_CONVERSION = YES;
				CLANG_WARN_INT_CONVERSION = YES;
				CLANG_WARN_OBJC_ROOT_CLASS = YES_ERROR;
				CLANG_WARN_UNREACHABLE_CODE = YES;
				CLANG_WARN__DUPLICATE_METHOD_MATCH = YES;
				"CODE_SIGN_IDENTITY[sdk=iphoneos*]" = "iPhone Developer";
				COPY_PHASE_STRIP = NO;
				DEBUG_INFORMATION_FORMAT = "dwarf-with-dsym";
				ENABLE_NS_ASSERTIONS = NO;
				ENABLE_STRICT_OBJC_MSGSEND = YES;
				GCC_C_LANGUAGE_STANDARD = gnu99;
				GCC_NO_COMMON_BLOCKS = YES;
				GCC_WARN_64_TO_32_BIT_CONVERSION = YES;
				GCC_WARN_ABOUT_RETURN_TYPE = YES_ERROR;
				GCC_WARN_UNDECLARED_SELECTOR = YES;
				GCC_WARN_UNINITIALIZED_AUTOS = YES_AGGRESSIVE;
				GCC_WARN_UNUSED_FUNCTION = YES;
				GCC_WARN_UNUSED_VARIABLE = YES;
				IPHONEOS_DEPLOYMENT_TARGET = 9.2;
				MTL_ENABLE_DEBUG_INFO = NO;
				SDKROOT = iphoneos;
				TARGETED_DEVICE_FAMILY = "1,2";
				VALIDATE_PRODUCT = YES;
			};
			name = Release;
		};
		A969B7D21CB32FA300BC5891 /* Debug */ = {
			isa = XCBuildConfiguration;
			buildSettings = {
				ASSETCATALOG_COMPILER_APPICON_NAME = AppIcon;
				INFOPLIST_FILE = gitSB/Info.plist;
				LD_RUNPATH_SEARCH_PATHS = "$(inherited) @executable_path/Frameworks";
				PRODUCT_BUNDLE_IDENTIFIER = info.billjordan.gitSB;
				PRODUCT_NAME = "$(TARGET_NAME)";
			};
			name = Debug;
		};
		A969B7D31CB32FA300BC5891 /* Release */ = {
			isa = XCBuildConfiguration;
			buildSettings = {
				ASSETCATALOG_COMPILER_APPICON_NAME = AppIcon;
				INFOPLIST_FILE = gitSB/Info.plist;
				LD_RUNPATH_SEARCH_PATHS = "$(inherited) @executable_path/Frameworks";
				PRODUCT_BUNDLE_IDENTIFIER = info.billjordan.gitSB;
				PRODUCT_NAME = "$(TARGET_NAME)";
			};
			name = Release;
		};
		A969B7D51CB32FA300BC5891 /* Debug */ = {
			isa = XCBuildConfiguration;
			buildSettings = {
				BUNDLE_LOADER = "$(TEST_HOST)";
				INFOPLIST_FILE = gitSBTests/Info.plist;
				LD_RUNPATH_SEARCH_PATHS = "$(inherited) @executable_path/Frameworks @loader_path/Frameworks";
				PRODUCT_BUNDLE_IDENTIFIER = info.billjordan.gitSBTests;
				PRODUCT_NAME = "$(TARGET_NAME)";
				TEST_HOST = "$(BUILT_PRODUCTS_DIR)/gitSB.app/gitSB";
			};
			name = Debug;
		};
		A969B7D61CB32FA300BC5891 /* Release */ = {
			isa = XCBuildConfiguration;
			buildSettings = {
				BUNDLE_LOADER = "$(TEST_HOST)";
				INFOPLIST_FILE = gitSBTests/Info.plist;
				LD_RUNPATH_SEARCH_PATHS = "$(inherited) @executable_path/Frameworks @loader_path/Frameworks";
				PRODUCT_BUNDLE_IDENTIFIER = info.billjordan.gitSBTests;
				PRODUCT_NAME = "$(TARGET_NAME)";
				TEST_HOST = "$(BUILT_PRODUCTS_DIR)/gitSB.app/gitSB";
			};
			name = Release;
		};
		A969B7D81CB32FA300BC5891 /* Debug */ = {
			isa = XCBuildConfiguration;
			buildSettings = {
				INFOPLIST_FILE = gitSBUITests/Info.plist;
				LD_RUNPATH_SEARCH_PATHS = "$(inherited) @executable_path/Frameworks @loader_path/Frameworks";
				PRODUCT_BUNDLE_IDENTIFIER = info.billjordan.gitSBUITests;
				PRODUCT_NAME = "$(TARGET_NAME)";
				TEST_TARGET_NAME = gitSB;
				USES_XCTRUNNER = YES;
			};
			name = Debug;
		};
		A969B7D91CB32FA300BC5891 /* Release */ = {
			isa = XCBuildConfiguration;
			buildSettings = {
				INFOPLIST_FILE = gitSBUITests/Info.plist;
				LD_RUNPATH_SEARCH_PATHS = "$(inherited) @executable_path/Frameworks @loader_path/Frameworks";
				PRODUCT_BUNDLE_IDENTIFIER = info.billjordan.gitSBUITests;
				PRODUCT_NAME = "$(TARGET_NAME)";
				TEST_TARGET_NAME = gitSB;
				USES_XCTRUNNER = YES;
			};
			name = Release;
		};
/* End XCBuildConfiguration section */

/* Begin XCConfigurationList section */
		A969B7A41CB32FA300BC5891 /* Build configuration list for PBXProject "gitSB" */ = {
			isa = XCConfigurationList;
			buildConfigurations = (
				A969B7CF1CB32FA300BC5891 /* Debug */,
				A969B7D01CB32FA300BC5891 /* Release */,
			);
			defaultConfigurationIsVisible = 0;
			defaultConfigurationName = Release;
		};
		A969B7D11CB32FA300BC5891 /* Build configuration list for PBXNativeTarget "gitSB" */ = {
			isa = XCConfigurationList;
			buildConfigurations = (
				A969B7D21CB32FA300BC5891 /* Debug */,
				A969B7D31CB32FA300BC5891 /* Release */,
			);
			defaultConfigurationIsVisible = 0;
		};
		A969B7D41CB32FA300BC5891 /* Build configuration list for PBXNativeTarget "gitSBTests" */ = {
			isa = XCConfigurationList;
			buildConfigurations = (
				A969B7D51CB32FA300BC5891 /* Debug */,
				A969B7D61CB32FA300BC5891 /* Release */,
			);
			defaultConfigurationIsVisible = 0;
		};
		A969B7D71CB32FA300BC5891 /* Build configuration list for PBXNativeTarget "gitSBUITests" */ = {
			isa = XCConfigurationList;
			buildConfigurations = (
				A969B7D81CB32FA300BC5891 /* Debug */,
				A969B7D91CB32FA300BC5891 /* Release */,
			);
			defaultConfigurationIsVisible = 0;
		};
/* End XCConfigurationList section */
	};
	rootObject = A969B7A11CB32FA300BC5891 /* Project object */;
}
